<?xml version="1.0" encoding="utf-8"?>
<Project ToolsVersion="4.0" xmlns="http://schemas.microsoft.com/developer/msbuild/2003">
  <ItemGroup>
    <Filter Include="Resource Files">
      <UniqueIdentifier>{D9D6E242-F8AF-46E4-B9FD-80ECBC20BA3E}</UniqueIdentifier>
      <Extensions>qrc;*</Extensions>
      <ParseFiles>false</ParseFiles>
    </Filter>
    <Filter Include="Generated Files">
      <UniqueIdentifier>{71ED8ED8-ACB9-4CE9-BBE1-E00B30144E11}</UniqueIdentifier>
      <Extensions>moc;h;cpp</Extensions>
      <SourceControlFiles>False</SourceControlFiles>
    </Filter>
    <Filter Include="Generated Files\Debug">
      <UniqueIdentifier>{85acd317-9f53-4dbe-b2f5-450a8a540203}</UniqueIdentifier>
      <Extensions>cpp;moc</Extensions>
      <SourceControlFiles>False</SourceControlFiles>
    </Filter>
    <Filter Include="Generated Files\Release">
      <UniqueIdentifier>{71363b43-9282-4daa-92e7-2467c1ead501}</UniqueIdentifier>
      <Extensions>cpp;moc</Extensions>
      <SourceControlFiles>False</SourceControlFiles>
    </Filter>
    <Filter Include="MainFrame">
      <UniqueIdentifier>{93995380-89BD-4b04-88EB-625FBE52EBFB}</UniqueIdentifier>
      <Extensions>h</Extensions>
    </Filter>
    <Filter Include="MainFrame\UI">
      <UniqueIdentifier>{7be80db8-1c56-47b8-84ca-50c05ffb047d}</UniqueIdentifier>
    </Filter>
    <Filter Include="Common">
      <UniqueIdentifier>{52f5d97c-2380-49e2-81cc-1881cda80eb5}</UniqueIdentifier>
    </Filter>
    <Filter Include="Common\IO">
      <UniqueIdentifier>{e098e5e1-f00f-4c34-8964-0a94d6de6ce0}</UniqueIdentifier>
    </Filter>
    <Filter Include="Common\Utils">
      <UniqueIdentifier>{f039889f-8cd4-4edc-92ab-a9d212ee37e9}</UniqueIdentifier>
    </Filter>
  </ItemGroup>
  <ItemGroup>
    <ClCompile Include="GeneratedFiles\Debug\moc_MainFrame.cpp">
      <Filter>Generated Files\Debug</Filter>
    </ClCompile>
    <ClCompile Include="GeneratedFiles\Release\moc_MainFrame.cpp">
      <Filter>Generated Files\Release</Filter>
    </ClCompile>
    <ClCompile Include="GeneratedFiles\qrc_MainFrame.cpp">
      <Filter>Generated Files</Filter>
    </ClCompile>
    <ClCompile Include="main.cpp">
      <Filter>MainFrame</Filter>
    </ClCompile>
    <ClCompile Include="MainFrame.cpp">
      <Filter>MainFrame</Filter>
    </ClCompile>
    <ClCompile Include="stdafx.cpp">
      <Filter>MainFrame</Filter>
    </ClCompile>
    <ClCompile Include="..\Common\Common.cpp">
      <Filter>Common</Filter>
    </ClCompile>
    <ClCompile Include="..\Common\File.cpp">
      <Filter>Common\IO</Filter>
    </ClCompile>
    <ClCompile Include="ClientExtractor.cpp">
      <Filter>MainFrame</Filter>
    </ClCompile>
    <ClCompile Include="GeneratedFiles\Debug\moc_ClientExtractor.cpp">
      <Filter>Generated Files\Debug</Filter>
    </ClCompile>
    <ClCompile Include="GeneratedFiles\Release\moc_ClientExtractor.cpp">
      <Filter>Generated Files\Release</Filter>
    </ClCompile>
    <ClCompile Include="FileModel.cpp">
      <Filter>MainFrame</Filter>
    </ClCompile>
    <ClCompile Include="GeneratedFiles\Debug\moc_FileModel.cpp">
      <Filter>Generated Files\Debug</Filter>
    </ClCompile>
    <ClCompile Include="GeneratedFiles\Release\moc_FileModel.cpp">
      <Filter>Generated Files\Release</Filter>
    </ClCompile>
    <ClCompile Include="..\Common\AboutDialog.cpp">
      <Filter>Common\Utils</Filter>
    </ClCompile>
    <ClCompile Include="GeneratedFiles\Debug\moc_AboutDialog.cpp">
      <Filter>Generated Files\Debug</Filter>
    </ClCompile>
    <ClCompile Include="GeneratedFiles\Release\moc_AboutDialog.cpp">
      <Filter>Generated Files\Release</Filter>
    </ClCompile>
    <ClCompile Include="..\Common\ShortcutsMng.cpp">
      <Filter>Common\Utils</Filter>
    </ClCompile>
    <ClCompile Include="..\Common\TextFile.cpp">
      <Filter>Common\Utils</Filter>
    </ClCompile>
  </ItemGroup>
  <ItemGroup>
    <ClInclude Include="stdafx.h">
      <Filter>MainFrame</Filter>
    </ClInclude>
    <ClInclude Include="GeneratedFiles\ui_MainFrame.h">
      <Filter>MainFrame\UI</Filter>
    </ClInclude>
    <ClInclude Include="..\Common\Common.h">
      <Filter>Common</Filter>
    </ClInclude>
    <ClInclude Include="..\Common\File.h">
      <Filter>Common\IO</Filter>
    </ClInclude>
    <ClInclude Include="..\Common\PtrArray.h">
      <Filter>Common\Utils</Filter>
    </ClInclude>
    <ClInclude Include="resource.h">
      <Filter>Resource Files</Filter>
    </ClInclude>
    <ClInclude Include="GeneratedFiles\ui_ClientExtractor.h">
      <Filter>MainFrame\UI</Filter>
    </ClInclude>
    <ClInclude Include="..\Common\ShortcutsMng.h">
      <Filter>Common\Utils</Filter>
    </ClInclude>
    <ClInclude Include="..\Common\TextFile.h">
      <Filter>Common\Utils</Filter>
    </ClInclude>
  </ItemGroup>
  <ItemGroup>
    <CustomBuild Include="MainFrame.h">
      <Filter>MainFrame</Filter>
    </CustomBuild>
    <CustomBuild Include="MainFrame.qrc">
      <Filter>Resource Files</Filter>
    </CustomBuild>
    <CustomBuild Include="MainFrame.ui">
      <Filter>Resource Files</Filter>
    </CustomBuild>
    <CustomBuild Include="ClientExtractor.ui">
      <Filter>Resource Files</Filter>
    </CustomBuild>
    <CustomBuild Include="ClientExtractor.h">
      <Filter>MainFrame</Filter>
    </CustomBuild>
    <CustomBuild Include="FileModel.h">
      <Filter>MainFrame</Filter>
    </CustomBuild>
    <CustomBuild Include="..\Common\AboutDialog.h">
      <Filter>Common\Utils</Filter>
    </CustomBuild>
  </ItemGroup>
  <ItemGroup>
    <ResourceCompile Include="ResEditor.rc">
      <Filter>Resource Files</Filter>
    </ResourceCompile>
  </ItemGroup>
  <ItemGroup>
    <None Include="reseditor_en.ts">
      <Filter>Resource Files</Filter>
    </None>
    <None Include="reseditor_de.ts">
      <Filter>Resource Files</Filter>
    </None>
  </ItemGroup>
</Project>